// !$*UTF8*$!
{
	archiveVersion = 1;
	classes = {
	};
	objectVersion = 46;
	objects = {

/* Begin PBXBuildFile section */
		5118834E1F4D5B2A00CC31DE /* main.m in Sources */ = {isa = PBXBuildFile; fileRef = 5118834D1F4D5B2A00CC31DE /* main.m */; };
		511883511F4D5B2A00CC31DE /* AppDelegate.m in Sources */ = {isa = PBXBuildFile; fileRef = 511883501F4D5B2A00CC31DE /* AppDelegate.m */; };
		511883541F4D5B2A00CC31DE /* ViewController.m in Sources */ = {isa = PBXBuildFile; fileRef = 511883531F4D5B2A00CC31DE /* ViewController.m */; };
		511883571F4D5B2A00CC31DE /* Main.storyboard in Resources */ = {isa = PBXBuildFile; fileRef = 511883551F4D5B2A00CC31DE /* Main.storyboard */; };
		511883591F4D5B2A00CC31DE /* Assets.xcassets in Resources */ = {isa = PBXBuildFile; fileRef = 511883581F4D5B2A00CC31DE /* Assets.xcassets */; };
		5118835C1F4D5B2A00CC31DE /* LaunchScreen.storyboard in Resources */ = {isa = PBXBuildFile; fileRef = 5118835A1F4D5B2A00CC31DE /* LaunchScreen.storyboard */; };
		511883671F4D5B2A00CC31DE /* ZYImagePickerTests.m in Sources */ = {isa = PBXBuildFile; fileRef = 511883661F4D5B2A00CC31DE /* ZYImagePickerTests.m */; };
		511883721F4D5B2A00CC31DE /* ZYImagePickerUITests.m in Sources */ = {isa = PBXBuildFile; fileRef = 511883711F4D5B2A00CC31DE /* ZYImagePickerUITests.m */; };
		512576391FC805C3004A06BB /* ZYClipViewController.m in Sources */ = {isa = PBXBuildFile; fileRef = 5125761A1FC805C3004A06BB /* ZYClipViewController.m */; };
		5125763A1FC805C3004A06BB /* ZYImagePickerController.m in Sources */ = {isa = PBXBuildFile; fileRef = 5125761C1FC805C3004A06BB /* ZYImagePickerController.m */; };
		5125763B1FC805C3004A06BB /* ZYCameraController.m in Sources */ = {isa = PBXBuildFile; fileRef = 512576211FC805C3004A06BB /* ZYCameraController.m */; };
		5125763C1FC805C3004A06BB /* ZYImageController.m in Sources */ = {isa = PBXBuildFile; fileRef = 512576221FC805C3004A06BB /* ZYImageController.m */; };
		5125763D1FC805C3004A06BB /* ZYImagePicker.m in Sources */ = {isa = PBXBuildFile; fileRef = 512576261FC805C3004A06BB /* ZYImagePicker.m */; };
		5125763E1FC805C3004A06BB /* ZYPhoto.m in Sources */ = {isa = PBXBuildFile; fileRef = 512576291FC805C3004A06BB /* ZYPhoto.m */; };
		5125763F1FC805C3004A06BB /* ZYClipView.m in Sources */ = {isa = PBXBuildFile; fileRef = 5125762E1FC805C3004A06BB /* ZYClipView.m */; };
		512576401FC805C3004A06BB /* ZYClipBorderView.m in Sources */ = {isa = PBXBuildFile; fileRef = 5125762F1FC805C3004A06BB /* ZYClipBorderView.m */; };
		512576411FC805C3004A06BB /* ZYImageTopBar.m in Sources */ = {isa = PBXBuildFile; fileRef = 512576331FC805C3004A06BB /* ZYImageTopBar.m */; };
		512576421FC805C3004A06BB /* ZYImageReusableView.m in Sources */ = {isa = PBXBuildFile; fileRef = 512576341FC805C3004A06BB /* ZYImageReusableView.m */; };
		512576431FC805C3004A06BB /* ZYImageCell.m in Sources */ = {isa = PBXBuildFile; fileRef = 512576351FC805C3004A06BB /* ZYImageCell.m */; };
		512576441FC805C3004A06BB /* Camera.bundle in Resources */ = {isa = PBXBuildFile; fileRef = 512576381FC805C3004A06BB /* Camera.bundle */; };
		513152141F9605F30029052E /* ZYNavigationController.m in Sources */ = {isa = PBXBuildFile; fileRef = 513152131F9605F30029052E /* ZYNavigationController.m */; };
/* End PBXBuildFile section */

/* Begin PBXContainerItemProxy section */
		511883631F4D5B2A00CC31DE /* PBXContainerItemProxy */ = {
			isa = PBXContainerItemProxy;
			containerPortal = 511883411F4D5B2900CC31DE /* Project object */;
			proxyType = 1;
			remoteGlobalIDString = 511883481F4D5B2900CC31DE;
			remoteInfo = ZYImagePicker;
		};
		5118836E1F4D5B2A00CC31DE /* PBXContainerItemProxy */ = {
			isa = PBXContainerItemProxy;
			containerPortal = 511883411F4D5B2900CC31DE /* Project object */;
			proxyType = 1;
			remoteGlobalIDString = 511883481F4D5B2900CC31DE;
			remoteInfo = ZYImagePicker;
		};
/* End PBXContainerItemProxy section */

/* Begin PBXFileReference section */
		511883491F4D5B2900CC31DE /* ZYImagePicker.app */ = {isa = PBXFileReference; explicitFileType = wrapper.application; includeInIndex = 0; path = ZYImagePicker.app; sourceTree = BUILT_PRODUCTS_DIR; };
		5118834D1F4D5B2A00CC31DE /* main.m */ = {isa = PBXFileReference; lastKnownFileType = sourcecode.c.objc; path = main.m; sourceTree = "<group>"; };
		5118834F1F4D5B2A00CC31DE /* AppDelegate.h */ = {isa = PBXFileReference; lastKnownFileType = sourcecode.c.h; path = AppDelegate.h; sourceTree = "<group>"; };
		511883501F4D5B2A00CC31DE /* AppDelegate.m */ = {isa = PBXFileReference; lastKnownFileType = sourcecode.c.objc; path = AppDelegate.m; sourceTree = "<group>"; };
		511883521F4D5B2A00CC31DE /* ViewController.h */ = {isa = PBXFileReference; lastKnownFileType = sourcecode.c.h; path = ViewController.h; sourceTree = "<group>"; };
		511883531F4D5B2A00CC31DE /* ViewController.m */ = {isa = PBXFileReference; lastKnownFileType = sourcecode.c.objc; path = ViewController.m; sourceTree = "<group>"; };
		511883561F4D5B2A00CC31DE /* Base */ = {isa = PBXFileReference; lastKnownFileType = file.storyboard; name = Base; path = Base.lproj/Main.storyboard; sourceTree = "<group>"; };
		511883581F4D5B2A00CC31DE /* Assets.xcassets */ = {isa = PBXFileReference; lastKnownFileType = folder.assetcatalog; path = Assets.xcassets; sourceTree = "<group>"; };
		5118835B1F4D5B2A00CC31DE /* Base */ = {isa = PBXFileReference; lastKnownFileType = file.storyboard; name = Base; path = Base.lproj/LaunchScreen.storyboard; sourceTree = "<group>"; };
		5118835D1F4D5B2A00CC31DE /* Info.plist */ = {isa = PBXFileReference; lastKnownFileType = text.plist.xml; path = Info.plist; sourceTree = "<group>"; };
		511883621F4D5B2A00CC31DE /* ZYImagePickerTests.xctest */ = {isa = PBXFileReference; explicitFileType = wrapper.cfbundle; includeInIndex = 0; path = ZYImagePickerTests.xctest; sourceTree = BUILT_PRODUCTS_DIR; };
		511883661F4D5B2A00CC31DE /* ZYImagePickerTests.m */ = {isa = PBXFileReference; lastKnownFileType = sourcecode.c.objc; path = ZYImagePickerTests.m; sourceTree = "<group>"; };
		511883681F4D5B2A00CC31DE /* Info.plist */ = {isa = PBXFileReference; lastKnownFileType = text.plist.xml; path = Info.plist; sourceTree = "<group>"; };
		5118836D1F4D5B2A00CC31DE /* ZYImagePickerUITests.xctest */ = {isa = PBXFileReference; explicitFileType = wrapper.cfbundle; includeInIndex = 0; path = ZYImagePickerUITests.xctest; sourceTree = BUILT_PRODUCTS_DIR; };
		511883711F4D5B2A00CC31DE /* ZYImagePickerUITests.m */ = {isa = PBXFileReference; lastKnownFileType = sourcecode.c.objc; path = ZYImagePickerUITests.m; sourceTree = "<group>"; };
		511883731F4D5B2A00CC31DE /* Info.plist */ = {isa = PBXFileReference; lastKnownFileType = text.plist.xml; path = Info.plist; sourceTree = "<group>"; };
		512576191FC805C3004A06BB /* ZYClipViewController.h */ = {isa = PBXFileReference; fileEncoding = 4; lastKnownFileType = sourcecode.c.h; path = ZYClipViewController.h; sourceTree = "<group>"; };
		5125761A1FC805C3004A06BB /* ZYClipViewController.m */ = {isa = PBXFileReference; fileEncoding = 4; lastKnownFileType = sourcecode.c.objc; path = ZYClipViewController.m; sourceTree = "<group>"; };
		5125761C1FC805C3004A06BB /* ZYImagePickerController.m */ = {isa = PBXFileReference; fileEncoding = 4; lastKnownFileType = sourcecode.c.objc; path = ZYImagePickerController.m; sourceTree = "<group>"; };
		5125761D1FC805C3004A06BB /* ZYImagePickerController.h */ = {isa = PBXFileReference; fileEncoding = 4; lastKnownFileType = sourcecode.c.h; path = ZYImagePickerController.h; sourceTree = "<group>"; };
		5125761F1FC805C3004A06BB /* ZYCameraController.h */ = {isa = PBXFileReference; fileEncoding = 4; lastKnownFileType = sourcecode.c.h; path = ZYCameraController.h; sourceTree = "<group>"; };
		512576201FC805C3004A06BB /* ZYImageController.h */ = {isa = PBXFileReference; fileEncoding = 4; lastKnownFileType = sourcecode.c.h; path = ZYImageController.h; sourceTree = "<group>"; };
		512576211FC805C3004A06BB /* ZYCameraController.m */ = {isa = PBXFileReference; fileEncoding = 4; lastKnownFileType = sourcecode.c.objc; path = ZYCameraController.m; sourceTree = "<group>"; };
		512576221FC805C3004A06BB /* ZYImageController.m */ = {isa = PBXFileReference; fileEncoding = 4; lastKnownFileType = sourcecode.c.objc; path = ZYImageController.m; sourceTree = "<group>"; };
		512576251FC805C3004A06BB /* ZYImagePicker.h */ = {isa = PBXFileReference; fileEncoding = 4; lastKnownFileType = sourcecode.c.h; path = ZYImagePicker.h; sourceTree = "<group>"; };
		512576261FC805C3004A06BB /* ZYImagePicker.m */ = {isa = PBXFileReference; fileEncoding = 4; lastKnownFileType = sourcecode.c.objc; path = ZYImagePicker.m; sourceTree = "<group>"; };
		512576281FC805C3004A06BB /* ZYPhoto.h */ = {isa = PBXFileReference; fileEncoding = 4; lastKnownFileType = sourcecode.c.h; path = ZYPhoto.h; sourceTree = "<group>"; };
		512576291FC805C3004A06BB /* ZYPhoto.m */ = {isa = PBXFileReference; fileEncoding = 4; lastKnownFileType = sourcecode.c.objc; path = ZYPhoto.m; sourceTree = "<group>"; };
		5125762C1FC805C3004A06BB /* ZYClipView.h */ = {isa = PBXFileReference; fileEncoding = 4; lastKnownFileType = sourcecode.c.h; path = ZYClipView.h; sourceTree = "<group>"; };
		5125762D1FC805C3004A06BB /* ZYClipBorderView.h */ = {isa = PBXFileReference; fileEncoding = 4; lastKnownFileType = sourcecode.c.h; path = ZYClipBorderView.h; sourceTree = "<group>"; };
		5125762E1FC805C3004A06BB /* ZYClipView.m */ = {isa = PBXFileReference; fileEncoding = 4; lastKnownFileType = sourcecode.c.objc; path = ZYClipView.m; sourceTree = "<group>"; };
		5125762F1FC805C3004A06BB /* ZYClipBorderView.m */ = {isa = PBXFileReference; fileEncoding = 4; lastKnownFileType = sourcecode.c.objc; path = ZYClipBorderView.m; sourceTree = "<group>"; };
		512576311FC805C3004A06BB /* ZYImageReusableView.h */ = {isa = PBXFileReference; fileEncoding = 4; lastKnownFileType = sourcecode.c.h; path = ZYImageReusableView.h; sourceTree = "<group>"; };
		512576321FC805C3004A06BB /* ZYImageCell.h */ = {isa = PBXFileReference; fileEncoding = 4; lastKnownFileType = sourcecode.c.h; path = ZYImageCell.h; sourceTree = "<group>"; };
		512576331FC805C3004A06BB /* ZYImageTopBar.m */ = {isa = PBXFileReference; fileEncoding = 4; lastKnownFileType = sourcecode.c.objc; path = ZYImageTopBar.m; sourceTree = "<group>"; };
		512576341FC805C3004A06BB /* ZYImageReusableView.m */ = {isa = PBXFileReference; fileEncoding = 4; lastKnownFileType = sourcecode.c.objc; path = ZYImageReusableView.m; sourceTree = "<group>"; };
		512576351FC805C3004A06BB /* ZYImageCell.m */ = {isa = PBXFileReference; fileEncoding = 4; lastKnownFileType = sourcecode.c.objc; path = ZYImageCell.m; sourceTree = "<group>"; };
		512576361FC805C3004A06BB /* ZYImageTopBar.h */ = {isa = PBXFileReference; fileEncoding = 4; lastKnownFileType = sourcecode.c.h; path = ZYImageTopBar.h; sourceTree = "<group>"; };
		512576381FC805C3004A06BB /* Camera.bundle */ = {isa = PBXFileReference; lastKnownFileType = "wrapper.plug-in"; path = Camera.bundle; sourceTree = "<group>"; };
		513152121F9605F30029052E /* ZYNavigationController.h */ = {isa = PBXFileReference; lastKnownFileType = sourcecode.c.h; path = ZYNavigationController.h; sourceTree = "<group>"; };
		513152131F9605F30029052E /* ZYNavigationController.m */ = {isa = PBXFileReference; lastKnownFileType = sourcecode.c.objc; path = ZYNavigationController.m; sourceTree = "<group>"; };
		617F69F1C6222684BB15ADD3 /* Pods-ZYImagePicker.debug.xcconfig */ = {isa = PBXFileReference; includeInIndex = 1; lastKnownFileType = text.xcconfig; name = "Pods-ZYImagePicker.debug.xcconfig"; path = "Pods/Target Support Files/Pods-ZYImagePicker/Pods-ZYImagePicker.debug.xcconfig"; sourceTree = "<group>"; };
		D955EF4E0AA1A9F88E11FB4C /* Pods-ZYImagePicker.release.xcconfig */ = {isa = PBXFileReference; includeInIndex = 1; lastKnownFileType = text.xcconfig; name = "Pods-ZYImagePicker.release.xcconfig"; path = "Pods/Target Support Files/Pods-ZYImagePicker/Pods-ZYImagePicker.release.xcconfig"; sourceTree = "<group>"; };
		DD7F42B7BA9869068EFBA169 /* libPods-ZYImagePicker.a */ = {isa = PBXFileReference; explicitFileType = archive.ar; includeInIndex = 0; path = "libPods-ZYImagePicker.a"; sourceTree = BUILT_PRODUCTS_DIR; };
/* End PBXFileReference section */

/* Begin PBXFrameworksBuildPhase section */
		511883461F4D5B2900CC31DE /* Frameworks */ = {
			isa = PBXFrameworksBuildPhase;
			buildActionMask = 2147483647;
			files = (
			);
			runOnlyForDeploymentPostprocessing = 0;
		};
		5118835F1F4D5B2A00CC31DE /* Frameworks */ = {
			isa = PBXFrameworksBuildPhase;
			buildActionMask = 2147483647;
			files = (
			);
			runOnlyForDeploymentPostprocessing = 0;
		};
		5118836A1F4D5B2A00CC31DE /* Frameworks */ = {
			isa = PBXFrameworksBuildPhase;
			buildActionMask = 2147483647;
			files = (
			);
			runOnlyForDeploymentPostprocessing = 0;
		};
/* End PBXFrameworksBuildPhase section */

/* Begin PBXGroup section */
		07CBB1ED1BD9D6C41FCDA2DF /* Pods */ = {
			isa = PBXGroup;
			children = (
				617F69F1C6222684BB15ADD3 /* Pods-ZYImagePicker.debug.xcconfig */,
				D955EF4E0AA1A9F88E11FB4C /* Pods-ZYImagePicker.release.xcconfig */,
			);
			name = Pods;
			sourceTree = "<group>";
		};
		08126B2FCB027B8D24704241 /* Frameworks */ = {
			isa = PBXGroup;
			children = (
				DD7F42B7BA9869068EFBA169 /* libPods-ZYImagePicker.a */,
			);
			name = Frameworks;
			sourceTree = "<group>";
		};
		511883401F4D5B2900CC31DE = {
			isa = PBXGroup;
			children = (
				5118834B1F4D5B2900CC31DE /* ZYImagePicker */,
				511883651F4D5B2A00CC31DE /* ZYImagePickerTests */,
				511883701F4D5B2A00CC31DE /* ZYImagePickerUITests */,
				5118834A1F4D5B2900CC31DE /* Products */,
				07CBB1ED1BD9D6C41FCDA2DF /* Pods */,
				08126B2FCB027B8D24704241 /* Frameworks */,
			);
			sourceTree = "<group>";
		};
		5118834A1F4D5B2900CC31DE /* Products */ = {
			isa = PBXGroup;
			children = (
				511883491F4D5B2900CC31DE /* ZYImagePicker.app */,
				511883621F4D5B2A00CC31DE /* ZYImagePickerTests.xctest */,
				5118836D1F4D5B2A00CC31DE /* ZYImagePickerUITests.xctest */,
			);
			name = Products;
			sourceTree = "<group>";
		};
		5118834B1F4D5B2900CC31DE /* ZYImagePicker */ = {
			isa = PBXGroup;
			children = (
				512576161FC805C3004A06BB /* ZYImagePicker */,
				513152121F9605F30029052E /* ZYNavigationController.h */,
				513152131F9605F30029052E /* ZYNavigationController.m */,
				5118834F1F4D5B2A00CC31DE /* AppDelegate.h */,
				511883501F4D5B2A00CC31DE /* AppDelegate.m */,
				511883521F4D5B2A00CC31DE /* ViewController.h */,
				511883531F4D5B2A00CC31DE /* ViewController.m */,
				511883551F4D5B2A00CC31DE /* Main.storyboard */,
				511883581F4D5B2A00CC31DE /* Assets.xcassets */,
				5118835A1F4D5B2A00CC31DE /* LaunchScreen.storyboard */,
				5118835D1F4D5B2A00CC31DE /* Info.plist */,
				5118834C1F4D5B2A00CC31DE /* Supporting Files */,
			);
			path = ZYImagePicker;
			sourceTree = "<group>";
		};
		5118834C1F4D5B2A00CC31DE /* Supporting Files */ = {
			isa = PBXGroup;
			children = (
				5118834D1F4D5B2A00CC31DE /* main.m */,
			);
			name = "Supporting Files";
			sourceTree = "<group>";
		};
		511883651F4D5B2A00CC31DE /* ZYImagePickerTests */ = {
			isa = PBXGroup;
			children = (
				511883661F4D5B2A00CC31DE /* ZYImagePickerTests.m */,
				511883681F4D5B2A00CC31DE /* Info.plist */,
			);
			path = ZYImagePickerTests;
			sourceTree = "<group>";
		};
		511883701F4D5B2A00CC31DE /* ZYImagePickerUITests */ = {
			isa = PBXGroup;
			children = (
				511883711F4D5B2A00CC31DE /* ZYImagePickerUITests.m */,
				511883731F4D5B2A00CC31DE /* Info.plist */,
			);
			path = ZYImagePickerUITests;
			sourceTree = "<group>";
		};
		512576161FC805C3004A06BB /* ZYImagePicker */ = {
			isa = PBXGroup;
			children = (
				512576171FC805C3004A06BB /* Controller */,
				512576231FC805C3004A06BB /* Model */,
				5125762A1FC805C3004A06BB /* View */,
				512576371FC805C3004A06BB /* Resource */,
			);
			path = ZYImagePicker;
			sourceTree = "<group>";
		};
		512576171FC805C3004A06BB /* Controller */ = {
			isa = PBXGroup;
			children = (
				512576181FC805C3004A06BB /* Clip */,
				5125761B1FC805C3004A06BB /* System */,
				5125761E1FC805C3004A06BB /* Custom */,
			);
			path = Controller;
			sourceTree = "<group>";
		};
		512576181FC805C3004A06BB /* Clip */ = {
			isa = PBXGroup;
			children = (
				512576191FC805C3004A06BB /* ZYClipViewController.h */,
				5125761A1FC805C3004A06BB /* ZYClipViewController.m */,
			);
			path = Clip;
			sourceTree = "<group>";
		};
		5125761B1FC805C3004A06BB /* System */ = {
			isa = PBXGroup;
			children = (
				5125761C1FC805C3004A06BB /* ZYImagePickerController.m */,
				5125761D1FC805C3004A06BB /* ZYImagePickerController.h */,
			);
			path = System;
			sourceTree = "<group>";
		};
		5125761E1FC805C3004A06BB /* Custom */ = {
			isa = PBXGroup;
			children = (
				5125761F1FC805C3004A06BB /* ZYCameraController.h */,
				512576211FC805C3004A06BB /* ZYCameraController.m */,
				512576201FC805C3004A06BB /* ZYImageController.h */,
				512576221FC805C3004A06BB /* ZYImageController.m */,
			);
			path = Custom;
			sourceTree = "<group>";
		};
		512576231FC805C3004A06BB /* Model */ = {
			isa = PBXGroup;
			children = (
				512576241FC805C3004A06BB /* Main */,
				512576271FC805C3004A06BB /* Custom */,
			);
			path = Model;
			sourceTree = "<group>";
		};
		512576241FC805C3004A06BB /* Main */ = {
			isa = PBXGroup;
			children = (
				512576251FC805C3004A06BB /* ZYImagePicker.h */,
				512576261FC805C3004A06BB /* ZYImagePicker.m */,
			);
			path = Main;
			sourceTree = "<group>";
		};
		512576271FC805C3004A06BB /* Custom */ = {
			isa = PBXGroup;
			children = (
				512576281FC805C3004A06BB /* ZYPhoto.h */,
				512576291FC805C3004A06BB /* ZYPhoto.m */,
			);
			path = Custom;
			sourceTree = "<group>";
		};
		5125762A1FC805C3004A06BB /* View */ = {
			isa = PBXGroup;
			children = (
				5125762B1FC805C3004A06BB /* Clip */,
				512576301FC805C3004A06BB /* Custom */,
			);
			path = View;
			sourceTree = "<group>";
		};
		5125762B1FC805C3004A06BB /* Clip */ = {
			isa = PBXGroup;
			children = (
				5125762C1FC805C3004A06BB /* ZYClipView.h */,
				5125762D1FC805C3004A06BB /* ZYClipBorderView.h */,
				5125762E1FC805C3004A06BB /* ZYClipView.m */,
				5125762F1FC805C3004A06BB /* ZYClipBorderView.m */,
			);
			path = Clip;
			sourceTree = "<group>";
		};
		512576301FC805C3004A06BB /* Custom */ = {
			isa = PBXGroup;
			children = (
				512576311FC805C3004A06BB /* ZYImageReusableView.h */,
				512576341FC805C3004A06BB /* ZYImageReusableView.m */,
				512576321FC805C3004A06BB /* ZYImageCell.h */,
				512576351FC805C3004A06BB /* ZYImageCell.m */,
				512576361FC805C3004A06BB /* ZYImageTopBar.h */,
				512576331FC805C3004A06BB /* ZYImageTopBar.m */,
			);
			path = Custom;
			sourceTree = "<group>";
		};
		512576371FC805C3004A06BB /* Resource */ = {
			isa = PBXGroup;
			children = (
				512576381FC805C3004A06BB /* Camera.bundle */,
			);
			path = Resource;
			sourceTree = "<group>";
		};
/* End PBXGroup section */

/* Begin PBXNativeTarget section */
		511883481F4D5B2900CC31DE /* ZYImagePicker */ = {
			isa = PBXNativeTarget;
			buildConfigurationList = 511883761F4D5B2A00CC31DE /* Build configuration list for PBXNativeTarget "ZYImagePicker" */;
			buildPhases = (
				511883451F4D5B2900CC31DE /* Sources */,
				511883461F4D5B2900CC31DE /* Frameworks */,
				511883471F4D5B2900CC31DE /* Resources */,
			);
			buildRules = (
			);
			dependencies = (
			);
			name = ZYImagePicker;
			productName = ZYImagePicker;
			productReference = 511883491F4D5B2900CC31DE /* ZYImagePicker.app */;
			productType = "com.apple.product-type.application";
		};
		511883611F4D5B2A00CC31DE /* ZYImagePickerTests */ = {
			isa = PBXNativeTarget;
			buildConfigurationList = 511883791F4D5B2A00CC31DE /* Build configuration list for PBXNativeTarget "ZYImagePickerTests" */;
			buildPhases = (
				5118835E1F4D5B2A00CC31DE /* Sources */,
				5118835F1F4D5B2A00CC31DE /* Frameworks */,
				511883601F4D5B2A00CC31DE /* Resources */,
			);
			buildRules = (
			);
			dependencies = (
				511883641F4D5B2A00CC31DE /* PBXTargetDependency */,
			);
			name = ZYImagePickerTests;
			productName = ZYImagePickerTests;
			productReference = 511883621F4D5B2A00CC31DE /* ZYImagePickerTests.xctest */;
			productType = "com.apple.product-type.bundle.unit-test";
		};
		5118836C1F4D5B2A00CC31DE /* ZYImagePickerUITests */ = {
			isa = PBXNativeTarget;
			buildConfigurationList = 5118837C1F4D5B2A00CC31DE /* Build configuration list for PBXNativeTarget "ZYImagePickerUITests" */;
			buildPhases = (
				511883691F4D5B2A00CC31DE /* Sources */,
				5118836A1F4D5B2A00CC31DE /* Frameworks */,
				5118836B1F4D5B2A00CC31DE /* Resources */,
			);
			buildRules = (
			);
			dependencies = (
				5118836F1F4D5B2A00CC31DE /* PBXTargetDependency */,
			);
			name = ZYImagePickerUITests;
			productName = ZYImagePickerUITests;
			productReference = 5118836D1F4D5B2A00CC31DE /* ZYImagePickerUITests.xctest */;
			productType = "com.apple.product-type.bundle.ui-testing";
		};
/* End PBXNativeTarget section */

/* Begin PBXProject section */
		511883411F4D5B2900CC31DE /* Project object */ = {
			isa = PBXProject;
			attributes = {
				CLASSPREFIX = ZY;
				LastUpgradeCheck = 0830;
				ORGANIZATIONNAME = "石志愿";
				TargetAttributes = {
					511883481F4D5B2900CC31DE = {
						CreatedOnToolsVersion = 8.3.2;
						DevelopmentTeam = 5E2A3T23LF;
						ProvisioningStyle = Automatic;
					};
					511883611F4D5B2A00CC31DE = {
						CreatedOnToolsVersion = 8.3.2;
						ProvisioningStyle = Automatic;
						TestTargetID = 511883481F4D5B2900CC31DE;
					};
					5118836C1F4D5B2A00CC31DE = {
						CreatedOnToolsVersion = 8.3.2;
						ProvisioningStyle = Automatic;
						TestTargetID = 511883481F4D5B2900CC31DE;
					};
				};
			};
			buildConfigurationList = 511883441F4D5B2900CC31DE /* Build configuration list for PBXProject "ZYImagePicker" */;
			compatibilityVersion = "Xcode 3.2";
			developmentRegion = English;
			hasScannedForEncodings = 0;
			knownRegions = (
				en,
				Base,
			);
			mainGroup = 511883401F4D5B2900CC31DE;
			productRefGroup = 5118834A1F4D5B2900CC31DE /* Products */;
			projectDirPath = "";
			projectRoot = "";
			targets = (
				511883481F4D5B2900CC31DE /* ZYImagePicker */,
				511883611F4D5B2A00CC31DE /* ZYImagePickerTests */,
				5118836C1F4D5B2A00CC31DE /* ZYImagePickerUITests */,
			);
		};
/* End PBXProject section */

/* Begin PBXResourcesBuildPhase section */
		511883471F4D5B2900CC31DE /* Resources */ = {
			isa = PBXResourcesBuildPhase;
			buildActionMask = 2147483647;
			files = (
				5118835C1F4D5B2A00CC31DE /* LaunchScreen.storyboard in Resources */,
				511883591F4D5B2A00CC31DE /* Assets.xcassets in Resources */,
				512576441FC805C3004A06BB /* Camera.bundle in Resources */,
				511883571F4D5B2A00CC31DE /* Main.storyboard in Resources */,
			);
			runOnlyForDeploymentPostprocessing = 0;
		};
		511883601F4D5B2A00CC31DE /* Resources */ = {
			isa = PBXResourcesBuildPhase;
			buildActionMask = 2147483647;
			files = (
			);
			runOnlyForDeploymentPostprocessing = 0;
		};
		5118836B1F4D5B2A00CC31DE /* Resources */ = {
			isa = PBXResourcesBuildPhase;
			buildActionMask = 2147483647;
			files = (
			);
			runOnlyForDeploymentPostprocessing = 0;
		};
/* End PBXResourcesBuildPhase section */

/* Begin PBXSourcesBuildPhase section */
		511883451F4D5B2900CC31DE /* Sources */ = {
			isa = PBXSourcesBuildPhase;
			buildActionMask = 2147483647;
			files = (
				5125763C1FC805C3004A06BB /* ZYImageController.m in Sources */,
				512576401FC805C3004A06BB /* ZYClipBorderView.m in Sources */,
				511883541F4D5B2A00CC31DE /* ViewController.m in Sources */,
				511883511F4D5B2A00CC31DE /* AppDelegate.m in Sources */,
				5125763F1FC805C3004A06BB /* ZYClipView.m in Sources */,
				512576391FC805C3004A06BB /* ZYClipViewController.m in Sources */,
				513152141F9605F30029052E /* ZYNavigationController.m in Sources */,
				5125763E1FC805C3004A06BB /* ZYPhoto.m in Sources */,
				512576421FC805C3004A06BB /* ZYImageReusableView.m in Sources */,
				5125763A1FC805C3004A06BB /* ZYImagePickerController.m in Sources */,
				5125763D1FC805C3004A06BB /* ZYImagePicker.m in Sources */,
				512576431FC805C3004A06BB /* ZYImageCell.m in Sources */,
				512576411FC805C3004A06BB /* ZYImageTopBar.m in Sources */,
				5118834E1F4D5B2A00CC31DE /* main.m in Sources */,
				5125763B1FC805C3004A06BB /* ZYCameraController.m in Sources */,
			);
			runOnlyForDeploymentPostprocessing = 0;
		};
		5118835E1F4D5B2A00CC31DE /* Sources */ = {
			isa = PBXSourcesBuildPhase;
			buildActionMask = 2147483647;
			files = (
				511883671F4D5B2A00CC31DE /* ZYImagePickerTests.m in Sources */,
			);
			runOnlyForDeploymentPostprocessing = 0;
		};
		511883691F4D5B2A00CC31DE /* Sources */ = {
			isa = PBXSourcesBuildPhase;
			buildActionMask = 2147483647;
			files = (
				511883721F4D5B2A00CC31DE /* ZYImagePickerUITests.m in Sources */,
			);
			runOnlyForDeploymentPostprocessing = 0;
		};
/* End PBXSourcesBuildPhase section */

/* Begin PBXTargetDependency section */
		511883641F4D5B2A00CC31DE /* PBXTargetDependency */ = {
			isa = PBXTargetDependency;
			target = 511883481F4D5B2900CC31DE /* ZYImagePicker */;
			targetProxy = 511883631F4D5B2A00CC31DE /* PBXContainerItemProxy */;
		};
		5118836F1F4D5B2A00CC31DE /* PBXTargetDependency */ = {
			isa = PBXTargetDependency;
			target = 511883481F4D5B2900CC31DE /* ZYImagePicker */;
			targetProxy = 5118836E1F4D5B2A00CC31DE /* PBXContainerItemProxy */;
		};
/* End PBXTargetDependency section */

/* Begin PBXVariantGroup section */
		511883551F4D5B2A00CC31DE /* Main.storyboard */ = {
			isa = PBXVariantGroup;
			children = (
				511883561F4D5B2A00CC31DE /* Base */,
			);
			name = Main.storyboard;
			sourceTree = "<group>";
		};
		5118835A1F4D5B2A00CC31DE /* LaunchScreen.storyboard */ = {
			isa = PBXVariantGroup;
			children = (
				5118835B1F4D5B2A00CC31DE /* Base */,
			);
			name = LaunchScreen.storyboard;
			sourceTree = "<group>";
		};
/* End PBXVariantGroup section */

/* Begin XCBuildConfiguration section */
		511883741F4D5B2A00CC31DE /* Debug */ = {
			isa = XCBuildConfiguration;
			buildSettings = {
				ALWAYS_SEARCH_USER_PATHS = NO;
				CLANG_ANALYZER_NONNULL = YES;
				CLANG_ANALYZER_NUMBER_OBJECT_CONVERSION = YES_AGGRESSIVE;
				CLANG_CXX_LANGUAGE_STANDARD = "gnu++0x";
				CLANG_CXX_LIBRARY = "libc++";
				CLANG_ENABLE_MODULES = YES;
				CLANG_ENABLE_OBJC_ARC = YES;
				CLANG_WARN_BOOL_CONVERSION = YES;
				CLANG_WARN_CONSTANT_CONVERSION = YES;
				CLANG_WARN_DIRECT_OBJC_ISA_USAGE = YES_ERROR;
				CLANG_WARN_DOCUMENTATION_COMMENTS = YES;
				CLANG_WARN_EMPTY_BODY = YES;
				CLANG_WARN_ENUM_CONVERSION = YES;
				CLANG_WARN_INFINITE_RECURSION = YES;
				CLANG_WARN_INT_CONVERSION = YES;
				CLANG_WARN_OBJC_ROOT_CLASS = YES_ERROR;
				CLANG_WARN_SUSPICIOUS_MOVE = YES;
				CLANG_WARN_UNREACHABLE_CODE = YES;
				CLANG_WARN__DUPLICATE_METHOD_MATCH = YES;
				"CODE_SIGN_IDENTITY[sdk=iphoneos*]" = "iPhone Developer";
				COPY_PHASE_STRIP = NO;
				DEBUG_INFORMATION_FORMAT = dwarf;
				ENABLE_STRICT_OBJC_MSGSEND = YES;
				ENABLE_TESTABILITY = YES;
				GCC_C_LANGUAGE_STANDARD = gnu99;
				GCC_DYNAMIC_NO_PIC = NO;
				GCC_NO_COMMON_BLOCKS = YES;
				GCC_OPTIMIZATION_LEVEL = 0;
				GCC_PREPROCESSOR_DEFINITIONS = (
					"DEBUG=1",
					"$(inherited)",
				);
				GCC_WARN_64_TO_32_BIT_CONVERSION = YES;
				GCC_WARN_ABOUT_RETURN_TYPE = YES_ERROR;
				GCC_WARN_UNDECLARED_SELECTOR = YES;
				GCC_WARN_UNINITIALIZED_AUTOS = YES_AGGRESSIVE;
				GCC_WARN_UNUSED_FUNCTION = YES;
				GCC_WARN_UNUSED_VARIABLE = YES;
				IPHONEOS_DEPLOYMENT_TARGET = 10.3;
				MTL_ENABLE_DEBUG_INFO = YES;
				ONLY_ACTIVE_ARCH = YES;
				SDKROOT = iphoneos;
				TARGETED_DEVICE_FAMILY = "1,2";
			};
			name = Debug;
		};
		511883751F4D5B2A00CC31DE /* Release */ = {
			isa = XCBuildConfiguration;
			buildSettings = {
				ALWAYS_SEARCH_USER_PATHS = NO;
				CLANG_ANALYZER_NONNULL = YES;
				CLANG_ANALYZER_NUMBER_OBJECT_CONVERSION = YES_AGGRESSIVE;
				CLANG_CXX_LANGUAGE_STANDARD = "gnu++0x";
				CLANG_CXX_LIBRARY = "libc++";
				CLANG_ENABLE_MODULES = YES;
				CLANG_ENABLE_OBJC_ARC = YES;
				CLANG_WARN_BOOL_CONVERSION = YES;
				CLANG_WARN_CONSTANT_CONVERSION = YES;
				CLANG_WARN_DIRECT_OBJC_ISA_USAGE = YES_ERROR;
				CLANG_WARN_DOCUMENTATION_COMMENTS = YES;
				CLANG_WARN_EMPTY_BODY = YES;
				CLANG_WARN_ENUM_CONVERSION = YES;
				CLANG_WARN_INFINITE_RECURSION = YES;
				CLANG_WARN_INT_CONVERSION = YES;
				CLANG_WARN_OBJC_ROOT_CLASS = YES_ERROR;
				CLANG_WARN_SUSPICIOUS_MOVE = YES;
				CLANG_WARN_UNREACHABLE_CODE = YES;
				CLANG_WARN__DUPLICATE_METHOD_MATCH = YES;
				"CODE_SIGN_IDENTITY[sdk=iphoneos*]" = "iPhone Developer";
				COPY_PHASE_STRIP = NO;
				DEBUG_INFORMATION_FORMAT = "dwarf-with-dsym";
				ENABLE_NS_ASSERTIONS = NO;
				ENABLE_STRICT_OBJC_MSGSEND = YES;
				GCC_C_LANGUAGE_STANDARD = gnu99;
				GCC_NO_COMMON_BLOCKS = YES;
				GCC_WARN_64_TO_32_BIT_CONVERSION = YES;
				GCC_WARN_ABOUT_RETURN_TYPE = YES_ERROR;
				GCC_WARN_UNDECLARED_SELECTOR = YES;
				GCC_WARN_UNINITIALIZED_AUTOS = YES_AGGRESSIVE;
				GCC_WARN_UNUSED_FUNCTION = YES;
				GCC_WARN_UNUSED_VARIABLE = YES;
				IPHONEOS_DEPLOYMENT_TARGET = 10.3;
				MTL_ENABLE_DEBUG_INFO = NO;
				SDKROOT = iphoneos;
				TARGETED_DEVICE_FAMILY = "1,2";
				VALIDATE_PRODUCT = YES;
			};
			name = Release;
		};
		511883771F4D5B2A00CC31DE /* Debug */ = {
			isa = XCBuildConfiguration;
			baseConfigurationReference = 617F69F1C6222684BB15ADD3 /* Pods-ZYImagePicker.debug.xcconfig */;
			buildSettings = {
				ASSETCATALOG_COMPILER_APPICON_NAME = AppIcon;
				DEVELOPMENT_TEAM = 5E2A3T23LF;
				INFOPLIST_FILE = ZYImagePicker/Info.plist;
				IPHONEOS_DEPLOYMENT_TARGET = 8.0;
				LD_RUNPATH_SEARCH_PATHS = "$(inherited) @executable_path/Frameworks";
				PRODUCT_BUNDLE_IDENTIFIER = FU.com.ZYImagePicker;
				PRODUCT_NAME = "$(TARGET_NAME)";
			};
			name = Debug;
		};
		511883781F4D5B2A00CC31DE /* Release */ = {
			isa = XCBuildConfiguration;
			baseConfigurationReference = D955EF4E0AA1A9F88E11FB4C /* Pods-ZYImagePicker.release.xcconfig */;
			buildSettings = {
				ASSETCATALOG_COMPILER_APPICON_NAME = AppIcon;
				DEVELOPMENT_TEAM = 5E2A3T23LF;
				INFOPLIST_FILE = ZYImagePicker/Info.plist;
				IPHONEOS_DEPLOYMENT_TARGET = 8.0;
				LD_RUNPATH_SEARCH_PATHS = "$(inherited) @executable_path/Frameworks";
				PRODUCT_BUNDLE_IDENTIFIER = FU.com.ZYImagePicker;
				PRODUCT_NAME = "$(TARGET_NAME)";
			};
			name = Release;
		};
		5118837A1F4D5B2A00CC31DE /* Debug */ = {
			isa = XCBuildConfiguration;
			buildSettings = {
				BUNDLE_LOADER = "$(TEST_HOST)";
				INFOPLIST_FILE = ZYImagePickerTests/Info.plist;
				LD_RUNPATH_SEARCH_PATHS = "$(inherited) @executable_path/Frameworks @loader_path/Frameworks";
				PRODUCT_BUNDLE_IDENTIFIER = FU.com.ZYImagePickerTests;
				PRODUCT_NAME = "$(TARGET_NAME)";
				TEST_HOST = "$(BUILT_PRODUCTS_DIR)/ZYImagePicker.app/ZYImagePicker";
			};
			name = Debug;
		};
		5118837B1F4D5B2A00CC31DE /* Release */ = {
			isa = XCBuildConfiguration;
			buildSettings = {
				BUNDLE_LOADER = "$(TEST_HOST)";
				INFOPLIST_FILE = ZYImagePickerTests/Info.plist;
				LD_RUNPATH_SEARCH_PATHS = "$(inherited) @executable_path/Frameworks @loader_path/Frameworks";
				PRODUCT_BUNDLE_IDENTIFIER = FU.com.ZYImagePickerTests;
				PRODUCT_NAME = "$(TARGET_NAME)";
				TEST_HOST = "$(BUILT_PRODUCTS_DIR)/ZYImagePicker.app/ZYImagePicker";
			};
			name = Release;
		};
		5118837D1F4D5B2A00CC31DE /* Debug */ = {
			isa = XCBuildConfiguration;
			buildSettings = {
				INFOPLIST_FILE = ZYImagePickerUITests/Info.plist;
				LD_RUNPATH_SEARCH_PATHS = "$(inherited) @executable_path/Frameworks @loader_path/Frameworks";
				PRODUCT_BUNDLE_IDENTIFIER = FU.com.ZYImagePickerUITests;
				PRODUCT_NAME = "$(TARGET_NAME)";
				TEST_TARGET_NAME = ZYImagePicker;
			};
			name = Debug;
		};
		5118837E1F4D5B2A00CC31DE /* Release */ = {
			isa = XCBuildConfiguration;
			buildSettings = {
				INFOPLIST_FILE = ZYImagePickerUITests/Info.plist;
				LD_RUNPATH_SEARCH_PATHS = "$(inherited) @executable_path/Frameworks @loader_path/Frameworks";
				PRODUCT_BUNDLE_IDENTIFIER = FU.com.ZYImagePickerUITests;
				PRODUCT_NAME = "$(TARGET_NAME)";
				TEST_TARGET_NAME = ZYImagePicker;
			};
			name = Release;
		};
/* End XCBuildConfiguration section */

/* Begin XCConfigurationList section */
		511883441F4D5B2900CC31DE /* Build configuration list for PBXProject "ZYImagePicker" */ = {
			isa = XCConfigurationList;
			buildConfigurations = (
				511883741F4D5B2A00CC31DE /* Debug */,
				511883751F4D5B2A00CC31DE /* Release */,
			);
			defaultConfigurationIsVisible = 0;
			defaultConfigurationName = Release;
		};
		511883761F4D5B2A00CC31DE /* Build configuration list for PBXNativeTarget "ZYImagePicker" */ = {
			isa = XCConfigurationList;
			buildConfigurations = (
				511883771F4D5B2A00CC31DE /* Debug */,
				511883781F4D5B2A00CC31DE /* Release */,
			);
			defaultConfigurationIsVisible = 0;
			defaultConfigurationName = Release;
		};
		511883791F4D5B2A00CC31DE /* Build configuration list for PBXNativeTarget "ZYImagePickerTests" */ = {
			isa = XCConfigurationList;
			buildConfigurations = (
				5118837A1F4D5B2A00CC31DE /* Debug */,
				5118837B1F4D5B2A00CC31DE /* Release */,
			);
			defaultConfigurationIsVisible = 0;
			defaultConfigurationName = Release;
		};
		5118837C1F4D5B2A00CC31DE /* Build configuration list for PBXNativeTarget "ZYImagePickerUITests" */ = {
			isa = XCConfigurationList;
			buildConfigurations = (
				5118837D1F4D5B2A00CC31DE /* Debug */,
				5118837E1F4D5B2A00CC31DE /* Release */,
			);
			defaultConfigurationIsVisible = 0;
			defaultConfigurationName = Release;
		};
/* End XCConfigurationList section */
	};
	rootObject = 511883411F4D5B2900CC31DE /* Project object */;
}
